
Microsoft Visual Studio Solution File, Format Version 12.00
# Visual Studio 15
VisualStudioVersion = 15.0.28010.2036
MinimumVisualStudioVersion = 10.0.40219.1
Project("{8BC9CEB8-8B4A-11D0-8D11-00A0C91BC942}") = "HW", "HW\HW.vcxproj", "{CD988E81-003F-4D35-A68C-5D3D9E4CAB2D}"
EndProject
Global
	GlobalSection(SolutionConfigurationPlatforms) = preSolution
		Debug|x64 = Debug|x64
		Debug|x86 = Debug|x86
		Release|x64 = Release|x64
		Release|x86 = Release|x86
	EndGlobalSection
	GlobalSection(ProjectConfigurationPlatforms) = postSolution
		{CD988E81-003F-4D35-A68C-5D3D9E4CAB2D}.Debug|x64.ActiveCfg = Debug|x64
		{CD988E81-003F-4D35-A68C-5D3D9E4CAB2D}.Debug|x64.Build.0 = Debug|x64
		{CD988E81-003F-4D35-A68C-5D3D9E4CAB2D}.Debug|x86.ActiveCfg = Debug|Win32
		{CD988E81-003F-4D35-A68C-5D3D9E4CAB2D}.Debug|x86.Build.0 = Debug|Win32
		{CD988E81-003F-4D35-A68C-5D3D9E4CAB2D}.Release|x64.ActiveCfg = Release|x64
		{CD988E81-003F-4D35-A68C-5D3D9E4CAB2D}.Release|x64.Build.0 = Release|x64
		{CD988E81-003F-4D35-A68C-5D3D9E4CAB2D}.Release|x86.ActiveCfg = Release|Win32
		{CD988E81-003F-4D35-A68C-5D3D9E4CAB2D}.Release|x86.Build.0 = Release|Win32
	EndGlobalSection
	GlobalSection(SolutionProperties) = preSolution
		HideSolutionNode = FALSE
	EndGlobalSection
	GlobalSection(ExtensibilityGlobals) = postSolution
		SolutionGuid = {5D72BC72-8A98-4D9C-84FD-B7E3EE08A645}
	EndGlobalSection
EndGlobal
